// !$*UTF8*$!
{
	archiveVersion = 1;
	classes = {
	};
	objectVersion = 77;
	objects = {

/* Begin PBXBuildFile section */
		014B0F0F1659B0478F68FAF3 /* RootView.swift in Sources */ = {isa = PBXBuildFile; fileRef = A28A0256D98D907F1BAF7A34 /* RootView.swift */; };
		020FB7A9FD88AEC51B222D94 /* AppleFoundationModelsDeviceTests.swift in Sources */ = {isa = PBXBuildFile; fileRef = 8E4CE284A1424D7C18B1B310 /* AppleFoundationModelsDeviceTests.swift */; };
		0E85558185ACD9CE067729BD /* AppleFoundationModelsProvider.swift in Sources */ = {isa = PBXBuildFile; fileRef = AD1784496CB4D262A2DFD3F1 /* AppleFoundationModelsProvider.swift */; };
		0F77A8625C270B1375083539 /* OpenRouterAccountTests.swift in Sources */ = {isa = PBXBuildFile; fileRef = CF05080FED6F4E97C82B3C4F /* OpenRouterAccountTests.swift */; };
		165C905840F4DCF56C27BF8F /* ConversationStore.swift in Sources */ = {isa = PBXBuildFile; fileRef = D89C6EA7388FA2CCF9F5865E /* ConversationStore.swift */; };
		16E260B200C5AD48A0F88E40 /* AuthorizationCodePKCETests.swift in Sources */ = {isa = PBXBuildFile; fileRef = 5802A399EFEE02A09B5C7492 /* AuthorizationCodePKCETests.swift */; };
		17923336D4226B2F812CF7CA /* SettingsView.swift in Sources */ = {isa = PBXBuildFile; fileRef = BE0BB131143C117BDF129E06 /* SettingsView.swift */; };
		2663961FFDA2EEAEF58529A8 /* ConversationStoreTests.swift in Sources */ = {isa = PBXBuildFile; fileRef = D8A79F801F4849CBD50C8A61 /* ConversationStoreTests.swift */; };
		2FDE760EEAA633A74BF8B379 /* ChatExecution.swift in Sources */ = {isa = PBXBuildFile; fileRef = 9E92E195F328A16C8A4C9159 /* ChatExecution.swift */; };
		32B23F52E639A8EFBDA0D975 /* ProviderModelCatalogTests.swift in Sources */ = {isa = PBXBuildFile; fileRef = 83D516988396183A30C27411 /* ProviderModelCatalogTests.swift */; };
		383CBBDE76DCB1296EE2B2FF /* ChatTabView.swift in Sources */ = {isa = PBXBuildFile; fileRef = 25109E76A4BFCC3FD9297E97 /* ChatTabView.swift */; };
		4516AED0EA2C6143C441CAC1 /* OpenAICompatibleProvider.swift in Sources */ = {isa = PBXBuildFile; fileRef = 6AA05C69CF6E5D026498FA04 /* OpenAICompatibleProvider.swift */; };
		505322426BA37D7C41706A05 /* CredentialStore.swift in Sources */ = {isa = PBXBuildFile; fileRef = 8A7B4FB8866C8CE81BA3E3A9 /* CredentialStore.swift */; };
		5289F042BE903630416D2DC7 /* ThreadsView.swift in Sources */ = {isa = PBXBuildFile; fileRef = 4DA6AA772008E2B7C904EA80 /* ThreadsView.swift */; };
		5B2A7371A127D18927D51B6C /* AccountsView.swift in Sources */ = {isa = PBXBuildFile; fileRef = 45F5FA0D2F24CB2485DC0541 /* AccountsView.swift */; };
		81347D868AF6B843F8845DCD /* ProviderModelCatalog.swift in Sources */ = {isa = PBXBuildFile; fileRef = 45626E28DD8157BEF5D16EF7 /* ProviderModelCatalog.swift */; };
		A7AFF77BAFD88E83930B3DC6 /* AppModel.swift in Sources */ = {isa = PBXBuildFile; fileRef = 0D3D621AD229ED0AF9703D04 /* AppModel.swift */; };
		A95064FBE316BC583A492270 /* WayfinderRoutingBridge in Frameworks */ = {isa = PBXBuildFile; productRef = 2B873E1C9EC13707AC9AB4B1 /* WayfinderRoutingBridge */; };
		AD9F05EEA94FD7440F0DD8A9 /* AppModelTests.swift in Sources */ = {isa = PBXBuildFile; fileRef = C17D8ECF221517590115EA9F /* AppModelTests.swift */; };
		AECF557711C7CD3BC8C373BF /* OpenRouterAccount.swift in Sources */ = {isa = PBXBuildFile; fileRef = 199D09FCEAB826F397ABEAF1 /* OpenRouterAccount.swift */; };
		B1447F8C483CFBAC90E2C3FD /* OpenAICompatibleProviderTests.swift in Sources */ = {isa = PBXBuildFile; fileRef = 261CF6528CA739E9E0D7D553 /* OpenAICompatibleProviderTests.swift */; };
		C04837E936D39B59FC3DAEDE /* DestinationsView.swift in Sources */ = {isa = PBXBuildFile; fileRef = 375A787B3245E247D326C13E /* DestinationsView.swift */; };
		CD7EFB8AE4D72853B02822C9 /* AuthorizationCodePKCE.swift in Sources */ = {isa = PBXBuildFile; fileRef = 1F3A8F8648A591ACB6DD8AA3 /* AuthorizationCodePKCE.swift */; };
		D060F612A4C672A8932A47B9 /* APIKeysView.swift in Sources */ = {isa = PBXBuildFile; fileRef = 64B75781C7C160DEB4257207 /* APIKeysView.swift */; };
		DDF893703A284EDEF6594AE6 /* WayfinderTheme.swift in Sources */ = {isa = PBXBuildFile; fileRef = 9B27149D56F517F17D1F971B /* WayfinderTheme.swift */; };
		EBB5FC47BA62D841C32D9A8F /* AppleFoundationModelsProviderTests.swift in Sources */ = {isa = PBXBuildFile; fileRef = 70CB5BEDA315456CABBAE00D /* AppleFoundationModelsProviderTests.swift */; };
		EBF78778DA2B68EDA8347CAF /* WayfinderIOSApp.swift in Sources */ = {isa = PBXBuildFile; fileRef = 4A2C2884452C3AECE92EE0E1 /* WayfinderIOSApp.swift */; };
		F4E9D5D8ED49654292FFA71E /* CredentialStoreTests.swift in Sources */ = {isa = PBXBuildFile; fileRef = 3AD4110CCB21039F8900BB91 /* CredentialStoreTests.swift */; };
		9A7F60920A4C838903EB5494 /* Assets.xcassets in Resources */ = {isa = PBXBuildFile; fileRef = 7375918F7C357DF1BF11545F /* Assets.xcassets */; };
		75374729F624DC6AA2AB9C72 /* WayfinderThemeTests.swift in Sources */ = {isa = PBXBuildFile; fileRef = B2C5986A2A84636B64159FE7 /* WayfinderThemeTests.swift */; };
		36AF071C8F7CE243E509F5B2 /* MarkdownRendering.swift in Sources */ = {isa = PBXBuildFile; fileRef = 8DD5A33043D525912C69CEBC /* MarkdownRendering.swift */; };
		05E82E625C01CD5ABD2F9BB0 /* MarkdownView.swift in Sources */ = {isa = PBXBuildFile; fileRef = 58EF24813B3BA8027B7E4CE4 /* MarkdownView.swift */; };
		20B8954947389B3467C1A7CB /* MarkdownRenderingTests.swift in Sources */ = {isa = PBXBuildFile; fileRef = 12F38C9DD8AA4D34367BAFDE /* MarkdownRenderingTests.swift */; };
		B05F4D8E22F0E3DB9130228A /* Instrumentation.swift in Sources */ = {isa = PBXBuildFile; fileRef = E55909C4415E30876974F00E /* Instrumentation.swift */; };
		5E28F56096A496E7096ED069 /* ChatLifecycleTests.swift in Sources */ = {isa = PBXBuildFile; fileRef = 8E152315242DF50CD0966A74 /* ChatLifecycleTests.swift */; };
		00288E0D8FDE4D3D73CB5B8A /* WayfinderFeedback.swift in Sources */ = {isa = PBXBuildFile; fileRef = 5B40CAEB0C71E054BBEAAA2F /* WayfinderFeedback.swift */; };
		0BF08FCEBE4334F725228C3C /* TranscriptScroll.swift in Sources */ = {isa = PBXBuildFile; fileRef = 3410BEB9A61E50C8837E5C11 /* TranscriptScroll.swift */; };
		016C2DA8BBBEF64FFF547B2D /* RouteReceipt.swift in Sources */ = {isa = PBXBuildFile; fileRef = 97AEEE355705A642C7D55C11 /* RouteReceipt.swift */; };
		6185E43E26661D1875EA9BE6 /* TranscriptScrollTests.swift in Sources */ = {isa = PBXBuildFile; fileRef = FD99427DAE64871659D80447 /* TranscriptScrollTests.swift */; };
		27EF4155691E79DCF59BB731 /* FirstLaunchView.swift in Sources */ = {isa = PBXBuildFile; fileRef = 0EF64E6A3CFA4AFF2EA6A88D /* FirstLaunchView.swift */; };
		C0398EFC7FF4C86B79EADDED /* FirstRunAndThreadTests.swift in Sources */ = {isa = PBXBuildFile; fileRef = 25CC024AB111627E6AA726E3 /* FirstRunAndThreadTests.swift */; };
		79B65384981BAA1D11367369 /* Previews.swift in Sources */ = {isa = PBXBuildFile; fileRef = 45D9F9D732DA2BAD8954FFF9 /* Previews.swift */; };
/* End PBXBuildFile section */

/* Begin PBXContainerItemProxy section */
		675A7E55621FBC9F0DCEBC74 /* PBXContainerItemProxy */ = {
			isa = PBXContainerItemProxy;
			containerPortal = B1275817F51CB255A4874599 /* Project object */;
			proxyType = 1;
			remoteGlobalIDString = 608DCF3ABCBB601C5B461B7D;
			remoteInfo = WayfinderIOS;
		};
/* End PBXContainerItemProxy section */

/* Begin PBXFileReference section */
		0D3D621AD229ED0AF9703D04 /* AppModel.swift */ = {isa = PBXFileReference; lastKnownFileType = sourcecode.swift; path = AppModel.swift; sourceTree = "<group>"; };
		199D09FCEAB826F397ABEAF1 /* OpenRouterAccount.swift */ = {isa = PBXFileReference; lastKnownFileType = sourcecode.swift; path = OpenRouterAccount.swift; sourceTree = "<group>"; };
		1F3A8F8648A591ACB6DD8AA3 /* AuthorizationCodePKCE.swift */ = {isa = PBXFileReference; lastKnownFileType = sourcecode.swift; path = AuthorizationCodePKCE.swift; sourceTree = "<group>"; };
		25109E76A4BFCC3FD9297E97 /* ChatTabView.swift */ = {isa = PBXFileReference; lastKnownFileType = sourcecode.swift; path = ChatTabView.swift; sourceTree = "<group>"; };
		261CF6528CA739E9E0D7D553 /* OpenAICompatibleProviderTests.swift */ = {isa = PBXFileReference; lastKnownFileType = sourcecode.swift; path = OpenAICompatibleProviderTests.swift; sourceTree = "<group>"; };
		375A787B3245E247D326C13E /* DestinationsView.swift */ = {isa = PBXFileReference; lastKnownFileType = sourcecode.swift; path = DestinationsView.swift; sourceTree = "<group>"; };
		39BC65B89F3C0433A3716A07 /* WayfinderRoutingBridge */ = {isa = PBXFileReference; lastKnownFileType = folder; name = WayfinderRoutingBridge; path = ../../apple/Packages/WayfinderRoutingBridge; sourceTree = SOURCE_ROOT; };
		3AD4110CCB21039F8900BB91 /* CredentialStoreTests.swift */ = {isa = PBXFileReference; lastKnownFileType = sourcecode.swift; path = CredentialStoreTests.swift; sourceTree = "<group>"; };
		45626E28DD8157BEF5D16EF7 /* ProviderModelCatalog.swift */ = {isa = PBXFileReference; lastKnownFileType = sourcecode.swift; path = ProviderModelCatalog.swift; sourceTree = "<group>"; };
		45F5FA0D2F24CB2485DC0541 /* AccountsView.swift */ = {isa = PBXFileReference; lastKnownFileType = sourcecode.swift; path = AccountsView.swift; sourceTree = "<group>"; };
		4A2C2884452C3AECE92EE0E1 /* WayfinderIOSApp.swift */ = {isa = PBXFileReference; lastKnownFileType = sourcecode.swift; path = WayfinderIOSApp.swift; sourceTree = "<group>"; };
		4DA6AA772008E2B7C904EA80 /* ThreadsView.swift */ = {isa = PBXFileReference; lastKnownFileType = sourcecode.swift; path = ThreadsView.swift; sourceTree = "<group>"; };
		5802A399EFEE02A09B5C7492 /* AuthorizationCodePKCETests.swift */ = {isa = PBXFileReference; lastKnownFileType = sourcecode.swift; path = AuthorizationCodePKCETests.swift; sourceTree = "<group>"; };
		5F6D147CFBC7918BCCD92B9E /* WayfinderIOS.app */ = {isa = PBXFileReference; includeInIndex = 0; lastKnownFileType = wrapper.application; path = WayfinderIOS.app; sourceTree = BUILT_PRODUCTS_DIR; };
		64B75781C7C160DEB4257207 /* APIKeysView.swift */ = {isa = PBXFileReference; lastKnownFileType = sourcecode.swift; path = APIKeysView.swift; sourceTree = "<group>"; };
		6AA05C69CF6E5D026498FA04 /* OpenAICompatibleProvider.swift */ = {isa = PBXFileReference; lastKnownFileType = sourcecode.swift; path = OpenAICompatibleProvider.swift; sourceTree = "<group>"; };
		70CB5BEDA315456CABBAE00D /* AppleFoundationModelsProviderTests.swift */ = {isa = PBXFileReference; lastKnownFileType = sourcecode.swift; path = AppleFoundationModelsProviderTests.swift; sourceTree = "<group>"; };
		83D516988396183A30C27411 /* ProviderModelCatalogTests.swift */ = {isa = PBXFileReference; lastKnownFileType = sourcecode.swift; path = ProviderModelCatalogTests.swift; sourceTree = "<group>"; };
		8A7B4FB8866C8CE81BA3E3A9 /* CredentialStore.swift */ = {isa = PBXFileReference; lastKnownFileType = sourcecode.swift; path = CredentialStore.swift; sourceTree = "<group>"; };
		8E4CE284A1424D7C18B1B310 /* AppleFoundationModelsDeviceTests.swift */ = {isa = PBXFileReference; lastKnownFileType = sourcecode.swift; path = AppleFoundationModelsDeviceTests.swift; sourceTree = "<group>"; };
		910171253EA965875F0C979A /* WayfinderIOSTests.xctest */ = {isa = PBXFileReference; includeInIndex = 0; lastKnownFileType = wrapper.cfbundle; path = WayfinderIOSTests.xctest; sourceTree = BUILT_PRODUCTS_DIR; };
		9B27149D56F517F17D1F971B /* WayfinderTheme.swift */ = {isa = PBXFileReference; lastKnownFileType = sourcecode.swift; path = WayfinderTheme.swift; sourceTree = "<group>"; };
		9E92E195F328A16C8A4C9159 /* ChatExecution.swift */ = {isa = PBXFileReference; lastKnownFileType = sourcecode.swift; path = ChatExecution.swift; sourceTree = "<group>"; };
		A28A0256D98D907F1BAF7A34 /* RootView.swift */ = {isa = PBXFileReference; lastKnownFileType = sourcecode.swift; path = RootView.swift; sourceTree = "<group>"; };
		AD1784496CB4D262A2DFD3F1 /* AppleFoundationModelsProvider.swift */ = {isa = PBXFileReference; lastKnownFileType = sourcecode.swift; path = AppleFoundationModelsProvider.swift; sourceTree = "<group>"; };
		BE0BB131143C117BDF129E06 /* SettingsView.swift */ = {isa = PBXFileReference; lastKnownFileType = sourcecode.swift; path = SettingsView.swift; sourceTree = "<group>"; };
		C17D8ECF221517590115EA9F /* AppModelTests.swift */ = {isa = PBXFileReference; lastKnownFileType = sourcecode.swift; path = AppModelTests.swift; sourceTree = "<group>"; };
		CF05080FED6F4E97C82B3C4F /* OpenRouterAccountTests.swift */ = {isa = PBXFileReference; lastKnownFileType = sourcecode.swift; path = OpenRouterAccountTests.swift; sourceTree = "<group>"; };
		D89C6EA7388FA2CCF9F5865E /* ConversationStore.swift */ = {isa = PBXFileReference; lastKnownFileType = sourcecode.swift; path = ConversationStore.swift; sourceTree = "<group>"; };
		D8A79F801F4849CBD50C8A61 /* ConversationStoreTests.swift */ = {isa = PBXFileReference; lastKnownFileType = sourcecode.swift; path = ConversationStoreTests.swift; sourceTree = "<group>"; };
		7375918F7C357DF1BF11545F /* Assets.xcassets */ = {isa = PBXFileReference; lastKnownFileType = folder.assetcatalog; path = Assets.xcassets; sourceTree = "<group>"; };
		B2C5986A2A84636B64159FE7 /* WayfinderThemeTests.swift */ = {isa = PBXFileReference; lastKnownFileType = sourcecode.swift; path = WayfinderThemeTests.swift; sourceTree = "<group>"; };
		8DD5A33043D525912C69CEBC /* MarkdownRendering.swift */ = {isa = PBXFileReference; lastKnownFileType = sourcecode.swift; path = MarkdownRendering.swift; sourceTree = "<group>"; };
		58EF24813B3BA8027B7E4CE4 /* MarkdownView.swift */ = {isa = PBXFileReference; lastKnownFileType = sourcecode.swift; path = MarkdownView.swift; sourceTree = "<group>"; };
		12F38C9DD8AA4D34367BAFDE /* MarkdownRenderingTests.swift */ = {isa = PBXFileReference; lastKnownFileType = sourcecode.swift; path = MarkdownRenderingTests.swift; sourceTree = "<group>"; };
		E55909C4415E30876974F00E /* Instrumentation.swift */ = {isa = PBXFileReference; lastKnownFileType = sourcecode.swift; path = Instrumentation.swift; sourceTree = "<group>"; };
		8E152315242DF50CD0966A74 /* ChatLifecycleTests.swift */ = {isa = PBXFileReference; lastKnownFileType = sourcecode.swift; path = ChatLifecycleTests.swift; sourceTree = "<group>"; };
		5B40CAEB0C71E054BBEAAA2F /* WayfinderFeedback.swift */ = {isa = PBXFileReference; lastKnownFileType = sourcecode.swift; path = WayfinderFeedback.swift; sourceTree = "<group>"; };
		3410BEB9A61E50C8837E5C11 /* TranscriptScroll.swift */ = {isa = PBXFileReference; lastKnownFileType = sourcecode.swift; path = TranscriptScroll.swift; sourceTree = "<group>"; };
		97AEEE355705A642C7D55C11 /* RouteReceipt.swift */ = {isa = PBXFileReference; lastKnownFileType = sourcecode.swift; path = RouteReceipt.swift; sourceTree = "<group>"; };
		FD99427DAE64871659D80447 /* TranscriptScrollTests.swift */ = {isa = PBXFileReference; lastKnownFileType = sourcecode.swift; path = TranscriptScrollTests.swift; sourceTree = "<group>"; };
		0EF64E6A3CFA4AFF2EA6A88D /* FirstLaunchView.swift */ = {isa = PBXFileReference; lastKnownFileType = sourcecode.swift; path = FirstLaunchView.swift; sourceTree = "<group>"; };
		25CC024AB111627E6AA726E3 /* FirstRunAndThreadTests.swift */ = {isa = PBXFileReference; lastKnownFileType = sourcecode.swift; path = FirstRunAndThreadTests.swift; sourceTree = "<group>"; };
		45D9F9D732DA2BAD8954FFF9 /* Previews.swift */ = {isa = PBXFileReference; lastKnownFileType = sourcecode.swift; path = Previews.swift; sourceTree = "<group>"; };
/* End PBXFileReference section */

/* Begin PBXFrameworksBuildPhase section */
		8EDBB9FF4085C8234662DBF2 /* Frameworks */ = {
			isa = PBXFrameworksBuildPhase;
			buildActionMask = 2147483647;
			files = (
				A95064FBE316BC583A492270 /* WayfinderRoutingBridge in Frameworks */,
			);
			runOnlyForDeploymentPostprocessing = 0;
		};
/* End PBXFrameworksBuildPhase section */

/* Begin PBXGroup section */
		0F27F14F5F65590F365CE447 /* WayfinderIOS */ = {
			isa = PBXGroup;
			children = (
				45F5FA0D2F24CB2485DC0541 /* AccountsView.swift */,
				64B75781C7C160DEB4257207 /* APIKeysView.swift */,
				AD1784496CB4D262A2DFD3F1 /* AppleFoundationModelsProvider.swift */,
				0D3D621AD229ED0AF9703D04 /* AppModel.swift */,
				7375918F7C357DF1BF11545F /* Assets.xcassets */,
				1F3A8F8648A591ACB6DD8AA3 /* AuthorizationCodePKCE.swift */,
				9E92E195F328A16C8A4C9159 /* ChatExecution.swift */,
				25109E76A4BFCC3FD9297E97 /* ChatTabView.swift */,
				D89C6EA7388FA2CCF9F5865E /* ConversationStore.swift */,
				8A7B4FB8866C8CE81BA3E3A9 /* CredentialStore.swift */,
				375A787B3245E247D326C13E /* DestinationsView.swift */,
				0EF64E6A3CFA4AFF2EA6A88D /* FirstLaunchView.swift */,
				E55909C4415E30876974F00E /* Instrumentation.swift */,
				8DD5A33043D525912C69CEBC /* MarkdownRendering.swift */,
				58EF24813B3BA8027B7E4CE4 /* MarkdownView.swift */,
				6AA05C69CF6E5D026498FA04 /* OpenAICompatibleProvider.swift */,
				199D09FCEAB826F397ABEAF1 /* OpenRouterAccount.swift */,
				45D9F9D732DA2BAD8954FFF9 /* Previews.swift */,
				45626E28DD8157BEF5D16EF7 /* ProviderModelCatalog.swift */,
				A28A0256D98D907F1BAF7A34 /* RootView.swift */,
				97AEEE355705A642C7D55C11 /* RouteReceipt.swift */,
				BE0BB131143C117BDF129E06 /* SettingsView.swift */,
				4DA6AA772008E2B7C904EA80 /* ThreadsView.swift */,
				3410BEB9A61E50C8837E5C11 /* TranscriptScroll.swift */,
				5B40CAEB0C71E054BBEAAA2F /* WayfinderFeedback.swift */,
				4A2C2884452C3AECE92EE0E1 /* WayfinderIOSApp.swift */,
				9B27149D56F517F17D1F971B /* WayfinderTheme.swift */,
			);
			path = WayfinderIOS;
			sourceTree = "<group>";
		};
		498A96B65F6322246F2D7EE4 /* Products */ = {
			isa = PBXGroup;
			children = (
				5F6D147CFBC7918BCCD92B9E /* WayfinderIOS.app */,
				910171253EA965875F0C979A /* WayfinderIOSTests.xctest */,
			);
			name = Products;
			sourceTree = "<group>";
		};
		89636497AC4E9DD7FC0A1574 /* WayfinderIOSTests */ = {
			isa = PBXGroup;
			children = (
				8E4CE284A1424D7C18B1B310 /* AppleFoundationModelsDeviceTests.swift */,
				70CB5BEDA315456CABBAE00D /* AppleFoundationModelsProviderTests.swift */,
				C17D8ECF221517590115EA9F /* AppModelTests.swift */,
				5802A399EFEE02A09B5C7492 /* AuthorizationCodePKCETests.swift */,
				8E152315242DF50CD0966A74 /* ChatLifecycleTests.swift */,
				D8A79F801F4849CBD50C8A61 /* ConversationStoreTests.swift */,
				3AD4110CCB21039F8900BB91 /* CredentialStoreTests.swift */,
				25CC024AB111627E6AA726E3 /* FirstRunAndThreadTests.swift */,
				12F38C9DD8AA4D34367BAFDE /* MarkdownRenderingTests.swift */,
				261CF6528CA739E9E0D7D553 /* OpenAICompatibleProviderTests.swift */,
				CF05080FED6F4E97C82B3C4F /* OpenRouterAccountTests.swift */,
				83D516988396183A30C27411 /* ProviderModelCatalogTests.swift */,
				FD99427DAE64871659D80447 /* TranscriptScrollTests.swift */,
				B2C5986A2A84636B64159FE7 /* WayfinderThemeTests.swift */,
			);
			path = WayfinderIOSTests;
			sourceTree = "<group>";
		};
		93553B745E6D6052CB0EC000 = {
			isa = PBXGroup;
			children = (
				EE2EE0FF3981CEC57C1DCD68 /* Packages */,
				0F27F14F5F65590F365CE447 /* WayfinderIOS */,
				89636497AC4E9DD7FC0A1574 /* WayfinderIOSTests */,
				498A96B65F6322246F2D7EE4 /* Products */,
			);
			sourceTree = "<group>";
		};
		EE2EE0FF3981CEC57C1DCD68 /* Packages */ = {
			isa = PBXGroup;
			children = (
				39BC65B89F3C0433A3716A07 /* WayfinderRoutingBridge */,
			);
			name = Packages;
			sourceTree = "<group>";
		};
/* End PBXGroup section */

/* Begin PBXNativeTarget section */
		2A1221BDE376F5CF997EDDC8 /* WayfinderIOSTests */ = {
			isa = PBXNativeTarget;
			buildConfigurationList = 070527BCD46F78AC9E92C021 /* Build configuration list for PBXNativeTarget "WayfinderIOSTests" */;
			buildPhases = (
				6C37979D4B0227750F2710D6 /* Sources */,
			);
			buildRules = (
			);
			dependencies = (
				B15343E09074799A1DCAD82B /* PBXTargetDependency */,
			);
			name = WayfinderIOSTests;
			packageProductDependencies = (
			);
			productName = WayfinderIOSTests;
			productReference = 910171253EA965875F0C979A /* WayfinderIOSTests.xctest */;
			productType = "com.apple.product-type.bundle.unit-test";
		};
		608DCF3ABCBB601C5B461B7D /* WayfinderIOS */ = {
			isa = PBXNativeTarget;
			buildConfigurationList = 85737851D5AF7AC340D6CC91 /* Build configuration list for PBXNativeTarget "WayfinderIOS" */;
			buildPhases = (
				72D843E6774C0988AA0ACB57 /* Sources */,
				8EDBB9FF4085C8234662DBF2 /* Frameworks */,
				C80E03B63A8C4AD9C3971C05 /* Resources */,
			);
			buildRules = (
			);
			dependencies = (
			);
			name = WayfinderIOS;
			packageProductDependencies = (
				2B873E1C9EC13707AC9AB4B1 /* WayfinderRoutingBridge */,
			);
			productName = WayfinderIOS;
			productReference = 5F6D147CFBC7918BCCD92B9E /* WayfinderIOS.app */;
			productType = "com.apple.product-type.application";
		};
/* End PBXNativeTarget section */

/* Begin PBXProject section */
		B1275817F51CB255A4874599 /* Project object */ = {
			isa = PBXProject;
			attributes = {
				BuildIndependentTargetsInParallel = YES;
				LastUpgradeCheck = 1430;
				TargetAttributes = {
					608DCF3ABCBB601C5B461B7D = {
						ProvisioningStyle = Automatic;
					};
				};
			};
			buildConfigurationList = BE2DAB23957A1471EA3B32DB /* Build configuration list for PBXProject "WayfinderIOS" */;
			compatibilityVersion = "Xcode 14.0";
			developmentRegion = en;
			hasScannedForEncodings = 0;
			knownRegions = (
				Base,
				en,
			);
			mainGroup = 93553B745E6D6052CB0EC000;
			minimizedProjectReferenceProxies = 1;
			packageReferences = (
				AD675C4A5521CA2F4F7DDEC1 /* XCLocalSwiftPackageReference "../../apple/Packages/WayfinderRoutingBridge" */,
			);
			preferredProjectObjectVersion = 77;
			projectDirPath = "";
			projectRoot = "";
			targets = (
				608DCF3ABCBB601C5B461B7D /* WayfinderIOS */,
				2A1221BDE376F5CF997EDDC8 /* WayfinderIOSTests */,
			);
		};
/* End PBXProject section */

/* Begin PBXResourcesBuildPhase section */
		C80E03B63A8C4AD9C3971C05 /* Resources */ = {
			isa = PBXResourcesBuildPhase;
			buildActionMask = 2147483647;
			files = (
				9A7F60920A4C838903EB5494 /* Assets.xcassets in Resources */,
			);
			runOnlyForDeploymentPostprocessing = 0;
		};
/* End PBXResourcesBuildPhase section */

/* Begin PBXSourcesBuildPhase section */
		6C37979D4B0227750F2710D6 /* Sources */ = {
			isa = PBXSourcesBuildPhase;
			buildActionMask = 2147483647;
			files = (
				020FB7A9FD88AEC51B222D94 /* AppleFoundationModelsDeviceTests.swift in Sources */,
				EBB5FC47BA62D841C32D9A8F /* AppleFoundationModelsProviderTests.swift in Sources */,
				AD9F05EEA94FD7440F0DD8A9 /* AppModelTests.swift in Sources */,
				16E260B200C5AD48A0F88E40 /* AuthorizationCodePKCETests.swift in Sources */,
				5E28F56096A496E7096ED069 /* ChatLifecycleTests.swift in Sources */,
				2663961FFDA2EEAEF58529A8 /* ConversationStoreTests.swift in Sources */,
				F4E9D5D8ED49654292FFA71E /* CredentialStoreTests.swift in Sources */,
				C0398EFC7FF4C86B79EADDED /* FirstRunAndThreadTests.swift in Sources */,
				20B8954947389B3467C1A7CB /* MarkdownRenderingTests.swift in Sources */,
				B1447F8C483CFBAC90E2C3FD /* OpenAICompatibleProviderTests.swift in Sources */,
				0F77A8625C270B1375083539 /* OpenRouterAccountTests.swift in Sources */,
				32B23F52E639A8EFBDA0D975 /* ProviderModelCatalogTests.swift in Sources */,
				6185E43E26661D1875EA9BE6 /* TranscriptScrollTests.swift in Sources */,
				75374729F624DC6AA2AB9C72 /* WayfinderThemeTests.swift in Sources */,
			);
			runOnlyForDeploymentPostprocessing = 0;
		};
		72D843E6774C0988AA0ACB57 /* Sources */ = {
			isa = PBXSourcesBuildPhase;
			buildActionMask = 2147483647;
			files = (
				5B2A7371A127D18927D51B6C /* AccountsView.swift in Sources */,
				D060F612A4C672A8932A47B9 /* APIKeysView.swift in Sources */,
				0E85558185ACD9CE067729BD /* AppleFoundationModelsProvider.swift in Sources */,
				A7AFF77BAFD88E83930B3DC6 /* AppModel.swift in Sources */,
				CD7EFB8AE4D72853B02822C9 /* AuthorizationCodePKCE.swift in Sources */,
				2FDE760EEAA633A74BF8B379 /* ChatExecution.swift in Sources */,
				383CBBDE76DCB1296EE2B2FF /* ChatTabView.swift in Sources */,
				165C905840F4DCF56C27BF8F /* ConversationStore.swift in Sources */,
				505322426BA37D7C41706A05 /* CredentialStore.swift in Sources */,
				C04837E936D39B59FC3DAEDE /* DestinationsView.swift in Sources */,
				27EF4155691E79DCF59BB731 /* FirstLaunchView.swift in Sources */,
				B05F4D8E22F0E3DB9130228A /* Instrumentation.swift in Sources */,
				36AF071C8F7CE243E509F5B2 /* MarkdownRendering.swift in Sources */,
				05E82E625C01CD5ABD2F9BB0 /* MarkdownView.swift in Sources */,
				4516AED0EA2C6143C441CAC1 /* OpenAICompatibleProvider.swift in Sources */,
				AECF557711C7CD3BC8C373BF /* OpenRouterAccount.swift in Sources */,
				79B65384981BAA1D11367369 /* Previews.swift in Sources */,
				81347D868AF6B843F8845DCD /* ProviderModelCatalog.swift in Sources */,
				014B0F0F1659B0478F68FAF3 /* RootView.swift in Sources */,
				016C2DA8BBBEF64FFF547B2D /* RouteReceipt.swift in Sources */,
				17923336D4226B2F812CF7CA /* SettingsView.swift in Sources */,
				5289F042BE903630416D2DC7 /* ThreadsView.swift in Sources */,
				0BF08FCEBE4334F725228C3C /* TranscriptScroll.swift in Sources */,
				00288E0D8FDE4D3D73CB5B8A /* WayfinderFeedback.swift in Sources */,
				EBF78778DA2B68EDA8347CAF /* WayfinderIOSApp.swift in Sources */,
				DDF893703A284EDEF6594AE6 /* WayfinderTheme.swift in Sources */,
			);
			runOnlyForDeploymentPostprocessing = 0;
		};
/* End PBXSourcesBuildPhase section */

/* Begin PBXTargetDependency section */
		B15343E09074799A1DCAD82B /* PBXTargetDependency */ = {
			isa = PBXTargetDependency;
			target = 608DCF3ABCBB601C5B461B7D /* WayfinderIOS */;
			targetProxy = 675A7E55621FBC9F0DCEBC74 /* PBXContainerItemProxy */;
		};
/* End PBXTargetDependency section */

/* Begin XCBuildConfiguration section */
		4410050A9C8E36DDDD118569 /* Debug */ = {
			isa = XCBuildConfiguration;
			buildSettings = {
				ASSETCATALOG_COMPILER_APPICON_NAME = AppIcon;
				ASSETCATALOG_COMPILER_GLOBAL_ACCENT_COLOR_NAME = AccentColor;
				CODE_SIGN_IDENTITY = "iPhone Developer";
				CODE_SIGN_STYLE = Automatic;
				GENERATE_INFOPLIST_FILE = YES;
				INFOPLIST_KEY_CFBundleDisplayName = Wayfinder;
				INFOPLIST_KEY_LSApplicationCategoryType = "public.app-category.productivity";
				INFOPLIST_KEY_UIApplicationSceneManifest_Generation = YES;
				INFOPLIST_KEY_UIApplicationSupportsIndirectInputEvents = YES;
				INFOPLIST_KEY_UILaunchScreen_Generation = YES;
				INFOPLIST_KEY_UILaunchScreen_UIColorName = LaunchBackground;
				INFOPLIST_KEY_UILaunchScreen_UIImageName = LaunchMark;
				LD_RUNPATH_SEARCH_PATHS = (
					"$(inherited)",
					"@executable_path/Frameworks",
				);
				PRODUCT_BUNDLE_IDENTIFIER = com.wayfinder.router.ios;
				SDKROOT = iphoneos;
				SUPPORTED_PLATFORMS = "iphoneos iphonesimulator";
				SUPPORTS_MACCATALYST = NO;
				TARGETED_DEVICE_FAMILY = "1,2";
			};
			name = Debug;
		};
		5C31EF1690315521C6E80002 /* Release */ = {
			isa = XCBuildConfiguration;
			buildSettings = {
				ASSETCATALOG_COMPILER_APPICON_NAME = AppIcon;
				ASSETCATALOG_COMPILER_GLOBAL_ACCENT_COLOR_NAME = AccentColor;
				CODE_SIGN_IDENTITY = "iPhone Developer";
				CODE_SIGN_STYLE = Automatic;
				GENERATE_INFOPLIST_FILE = YES;
				INFOPLIST_KEY_CFBundleDisplayName = Wayfinder;
				INFOPLIST_KEY_LSApplicationCategoryType = "public.app-category.productivity";
				INFOPLIST_KEY_UIApplicationSceneManifest_Generation = YES;
				INFOPLIST_KEY_UIApplicationSupportsIndirectInputEvents = YES;
				INFOPLIST_KEY_UILaunchScreen_Generation = YES;
				INFOPLIST_KEY_UILaunchScreen_UIColorName = LaunchBackground;
				INFOPLIST_KEY_UILaunchScreen_UIImageName = LaunchMark;
				LD_RUNPATH_SEARCH_PATHS = (
					"$(inherited)",
					"@executable_path/Frameworks",
				);
				PRODUCT_BUNDLE_IDENTIFIER = com.wayfinder.router.ios;
				SDKROOT = iphoneos;
				SUPPORTED_PLATFORMS = "iphoneos iphonesimulator";
				SUPPORTS_MACCATALYST = NO;
				TARGETED_DEVICE_FAMILY = "1,2";
			};
			name = Release;
		};
		711DD95C6D044B4B21FB743A /* Release */ = {
			isa = XCBuildConfiguration;
			buildSettings = {
				ALWAYS_SEARCH_USER_PATHS = NO;
				CLANG_ANALYZER_NONNULL = YES;
				CLANG_ANALYZER_NUMBER_OBJECT_CONVERSION = YES_AGGRESSIVE;
				CLANG_CXX_LANGUAGE_STANDARD = "gnu++14";
				CLANG_CXX_LIBRARY = "libc++";
				CLANG_ENABLE_MODULES = YES;
				CLANG_ENABLE_OBJC_ARC = YES;
				CLANG_ENABLE_OBJC_WEAK = YES;
				CLANG_WARN_BLOCK_CAPTURE_AUTORELEASING = YES;
				CLANG_WARN_BOOL_CONVERSION = YES;
				CLANG_WARN_COMMA = YES;
				CLANG_WARN_CONSTANT_CONVERSION = YES;
				CLANG_WARN_DEPRECATED_OBJC_IMPLEMENTATIONS = YES;
				CLANG_WARN_DIRECT_OBJC_ISA_USAGE = YES_ERROR;
				CLANG_WARN_DOCUMENTATION_COMMENTS = YES;
				CLANG_WARN_EMPTY_BODY = YES;
				CLANG_WARN_ENUM_CONVERSION = YES;
				CLANG_WARN_INFINITE_RECURSION = YES;
				CLANG_WARN_INT_CONVERSION = YES;
				CLANG_WARN_NON_LITERAL_NULL_CONVERSION = YES;
				CLANG_WARN_OBJC_IMPLICIT_RETAIN_SELF = YES;
				CLANG_WARN_OBJC_LITERAL_CONVERSION = YES;
				CLANG_WARN_OBJC_ROOT_CLASS = YES_ERROR;
				CLANG_WARN_QUOTED_INCLUDE_IN_FRAMEWORK_HEADER = YES;
				CLANG_WARN_RANGE_LOOP_ANALYSIS = YES;
				CLANG_WARN_STRICT_PROTOTYPES = YES;
				CLANG_WARN_SUSPICIOUS_MOVE = YES;
				CLANG_WARN_UNGUARDED_AVAILABILITY = YES_AGGRESSIVE;
				CLANG_WARN_UNREACHABLE_CODE = YES;
				CLANG_WARN__DUPLICATE_METHOD_MATCH = YES;
				COPY_PHASE_STRIP = NO;
				CURRENT_PROJECT_VERSION = 1;
				DEBUG_INFORMATION_FORMAT = "dwarf-with-dsym";
				ENABLE_NS_ASSERTIONS = NO;
				ENABLE_STRICT_OBJC_MSGSEND = YES;
				GCC_C_LANGUAGE_STANDARD = gnu11;
				GCC_NO_COMMON_BLOCKS = YES;
				GCC_WARN_64_TO_32_BIT_CONVERSION = YES;
				GCC_WARN_ABOUT_RETURN_TYPE = YES_ERROR;
				GCC_WARN_UNDECLARED_SELECTOR = YES;
				GCC_WARN_UNINITIALIZED_AUTOS = YES_AGGRESSIVE;
				GCC_WARN_UNUSED_FUNCTION = YES;
				GCC_WARN_UNUSED_VARIABLE = YES;
				IPHONEOS_DEPLOYMENT_TARGET = 18.0;
				MARKETING_VERSION = 0.2.0;
				MTL_ENABLE_DEBUG_INFO = NO;
				MTL_FAST_MATH = YES;
				PRODUCT_NAME = "$(TARGET_NAME)";
				SDKROOT = iphoneos;
				SWIFT_COMPILATION_MODE = wholemodule;
				SWIFT_OPTIMIZATION_LEVEL = "-O";
				SWIFT_VERSION = 6.0;
			};
			name = Release;
		};
		892C40DC2D6F0785A4205DD0 /* Release */ = {
			isa = XCBuildConfiguration;
			buildSettings = {
				BUNDLE_LOADER = "$(TEST_HOST)";
				GENERATE_INFOPLIST_FILE = YES;
				LD_RUNPATH_SEARCH_PATHS = (
					"$(inherited)",
					"@executable_path/Frameworks",
					"@loader_path/Frameworks",
				);
				PRODUCT_BUNDLE_IDENTIFIER = com.wayfinder.router.ios.tests;
				SDKROOT = iphoneos;
				TARGETED_DEVICE_FAMILY = "1,2";
				TEST_HOST = "$(BUILT_PRODUCTS_DIR)/WayfinderIOS.app/WayfinderIOS";
			};
			name = Release;
		};
		BB4F22E8707ACC5B9B8629B0 /* Debug */ = {
			isa = XCBuildConfiguration;
			buildSettings = {
				ALWAYS_SEARCH_USER_PATHS = NO;
				CLANG_ANALYZER_NONNULL = YES;
				CLANG_ANALYZER_NUMBER_OBJECT_CONVERSION = YES_AGGRESSIVE;
				CLANG_CXX_LANGUAGE_STANDARD = "gnu++14";
				CLANG_CXX_LIBRARY = "libc++";
				CLANG_ENABLE_MODULES = YES;
				CLANG_ENABLE_OBJC_ARC = YES;
				CLANG_ENABLE_OBJC_WEAK = YES;
				CLANG_WARN_BLOCK_CAPTURE_AUTORELEASING = YES;
				CLANG_WARN_BOOL_CONVERSION = YES;
				CLANG_WARN_COMMA = YES;
				CLANG_WARN_CONSTANT_CONVERSION = YES;
				CLANG_WARN_DEPRECATED_OBJC_IMPLEMENTATIONS = YES;
				CLANG_WARN_DIRECT_OBJC_ISA_USAGE = YES_ERROR;
				CLANG_WARN_DOCUMENTATION_COMMENTS = YES;
				CLANG_WARN_EMPTY_BODY = YES;
				CLANG_WARN_ENUM_CONVERSION = YES;
				CLANG_WARN_INFINITE_RECURSION = YES;
				CLANG_WARN_INT_CONVERSION = YES;
				CLANG_WARN_NON_LITERAL_NULL_CONVERSION = YES;
				CLANG_WARN_OBJC_IMPLICIT_RETAIN_SELF = YES;
				CLANG_WARN_OBJC_LITERAL_CONVERSION = YES;
				CLANG_WARN_OBJC_ROOT_CLASS = YES_ERROR;
				CLANG_WARN_QUOTED_INCLUDE_IN_FRAMEWORK_HEADER = YES;
				CLANG_WARN_RANGE_LOOP_ANALYSIS = YES;
				CLANG_WARN_STRICT_PROTOTYPES = YES;
				CLANG_WARN_SUSPICIOUS_MOVE = YES;
				CLANG_WARN_UNGUARDED_AVAILABILITY = YES_AGGRESSIVE;
				CLANG_WARN_UNREACHABLE_CODE = YES;
				CLANG_WARN__DUPLICATE_METHOD_MATCH = YES;
				COPY_PHASE_STRIP = NO;
				CURRENT_PROJECT_VERSION = 1;
				DEBUG_INFORMATION_FORMAT = dwarf;
				ENABLE_STRICT_OBJC_MSGSEND = YES;
				ENABLE_TESTABILITY = YES;
				GCC_C_LANGUAGE_STANDARD = gnu11;
				GCC_DYNAMIC_NO_PIC = NO;
				GCC_NO_COMMON_BLOCKS = YES;
				GCC_OPTIMIZATION_LEVEL = 0;
				GCC_PREPROCESSOR_DEFINITIONS = (
					"$(inherited)",
					"DEBUG=1",
				);
				GCC_WARN_64_TO_32_BIT_CONVERSION = YES;
				GCC_WARN_ABOUT_RETURN_TYPE = YES_ERROR;
				GCC_WARN_UNDECLARED_SELECTOR = YES;
				GCC_WARN_UNINITIALIZED_AUTOS = YES_AGGRESSIVE;
				GCC_WARN_UNUSED_FUNCTION = YES;
				GCC_WARN_UNUSED_VARIABLE = YES;
				IPHONEOS_DEPLOYMENT_TARGET = 18.0;
				MARKETING_VERSION = 0.2.0;
				MTL_ENABLE_DEBUG_INFO = INCLUDE_SOURCE;
				MTL_FAST_MATH = YES;
				ONLY_ACTIVE_ARCH = YES;
				PRODUCT_NAME = "$(TARGET_NAME)";
				SDKROOT = iphoneos;
				SWIFT_ACTIVE_COMPILATION_CONDITIONS = DEBUG;
				SWIFT_OPTIMIZATION_LEVEL = "-Onone";
				SWIFT_VERSION = 6.0;
			};
			name = Debug;
		};
		D6A24B0493119A0DB12FF3DD /* Debug */ = {
			isa = XCBuildConfiguration;
			buildSettings = {
				BUNDLE_LOADER = "$(TEST_HOST)";
				GENERATE_INFOPLIST_FILE = YES;
				LD_RUNPATH_SEARCH_PATHS = (
					"$(inherited)",
					"@executable_path/Frameworks",
					"@loader_path/Frameworks",
				);
				PRODUCT_BUNDLE_IDENTIFIER = com.wayfinder.router.ios.tests;
				SDKROOT = iphoneos;
				TARGETED_DEVICE_FAMILY = "1,2";
				TEST_HOST = "$(BUILT_PRODUCTS_DIR)/WayfinderIOS.app/WayfinderIOS";
			};
			name = Debug;
		};
/* End XCBuildConfiguration section */

/* Begin XCConfigurationList section */
		070527BCD46F78AC9E92C021 /* Build configuration list for PBXNativeTarget "WayfinderIOSTests" */ = {
			isa = XCConfigurationList;
			buildConfigurations = (
				D6A24B0493119A0DB12FF3DD /* Debug */,
				892C40DC2D6F0785A4205DD0 /* Release */,
			);
			defaultConfigurationIsVisible = 0;
			defaultConfigurationName = Debug;
		};
		85737851D5AF7AC340D6CC91 /* Build configuration list for PBXNativeTarget "WayfinderIOS" */ = {
			isa = XCConfigurationList;
			buildConfigurations = (
				4410050A9C8E36DDDD118569 /* Debug */,
				5C31EF1690315521C6E80002 /* Release */,
			);
			defaultConfigurationIsVisible = 0;
			defaultConfigurationName = Debug;
		};
		BE2DAB23957A1471EA3B32DB /* Build configuration list for PBXProject "WayfinderIOS" */ = {
			isa = XCConfigurationList;
			buildConfigurations = (
				BB4F22E8707ACC5B9B8629B0 /* Debug */,
				711DD95C6D044B4B21FB743A /* Release */,
			);
			defaultConfigurationIsVisible = 0;
			defaultConfigurationName = Debug;
		};
/* End XCConfigurationList section */

/* Begin XCLocalSwiftPackageReference section */
		AD675C4A5521CA2F4F7DDEC1 /* XCLocalSwiftPackageReference "../../apple/Packages/WayfinderRoutingBridge" */ = {
			isa = XCLocalSwiftPackageReference;
			relativePath = ../../apple/Packages/WayfinderRoutingBridge;
		};
/* End XCLocalSwiftPackageReference section */

/* Begin XCSwiftPackageProductDependency section */
		2B873E1C9EC13707AC9AB4B1 /* WayfinderRoutingBridge */ = {
			isa = XCSwiftPackageProductDependency;
			productName = WayfinderRoutingBridge;
		};
/* End XCSwiftPackageProductDependency section */
	};
	rootObject = B1275817F51CB255A4874599 /* Project object */;
}
